
Microsoft Visual Studio Solution File, Format Version 12.00
# Visual Studio Version 17
VisualStudioVersion = 17.10.35013.160
MinimumVisualStudioVersion = 10.0.40219.1
Project("{8BC9CEB8-8B4A-11D0-8D11-00A0C91BC942}") = "DemoSat(Client)", "DemoSat(Client)\DemoSat(Client).vcxproj", "{8E263710-CE1C-484C-8E06-7C785D4F93F1}"
EndProject
Global
	GlobalSection(SolutionConfigurationPlatforms) = preSolution
		Debug|ARM = Debug|ARM
		Debug|ARM64 = Debug|ARM64
		Release|ARM = Release|ARM
		Release|ARM64 = Release|ARM64
	EndGlobalSection
	GlobalSection(ProjectConfigurationPlatforms) = postSolution
		{8E263710-CE1C-484C-8E06-7C785D4F93F1}.Debug|ARM.ActiveCfg = Debug|ARM
		{8E263710-CE1C-484C-8E06-7C785D4F93F1}.Debug|ARM.Build.0 = Debug|ARM
		{8E263710-CE1C-484C-8E06-7C785D4F93F1}.Debug|ARM.Deploy.0 = Debug|ARM
		{8E263710-CE1C-484C-8E06-7C785D4F93F1}.Debug|ARM64.ActiveCfg = Debug|ARM64
		{8E263710-CE1C-484C-8E06-7C785D4F93F1}.Debug|ARM64.Build.0 = Debug|ARM64
		{8E263710-CE1C-484C-8E06-7C785D4F93F1}.Debug|ARM64.Deploy.0 = Debug|ARM64
		{8E263710-CE1C-484C-8E06-7C785D4F93F1}.Release|ARM.ActiveCfg = Release|ARM
		{8E263710-CE1C-484C-8E06-7C785D4F93F1}.Release|ARM.Build.0 = Release|ARM
		{8E263710-CE1C-484C-8E06-7C785D4F93F1}.Release|ARM.Deploy.0 = Release|ARM
		{8E263710-CE1C-484C-8E06-7C785D4F93F1}.Release|ARM64.ActiveCfg = Release|ARM64
		{8E263710-CE1C-484C-8E06-7C785D4F93F1}.Release|ARM64.Build.0 = Release|ARM64
		{8E263710-CE1C-484C-8E06-7C785D4F93F1}.Release|ARM64.Deploy.0 = Release|ARM64
	EndGlobalSection
	GlobalSection(SolutionProperties) = preSolution
		HideSolutionNode = FALSE
	EndGlobalSection
	GlobalSection(ExtensibilityGlobals) = postSolution
		SolutionGuid = {50606A91-A45D-4BB0-82FD-386FFC9A87C2}
	EndGlobalSection
EndGlobal
